[[package]]
name = "pyglet"
version = "2.0.4"
description = "Cross-platform windowing and multimedia library"
category = "main"
optional = false
python-versions = "*"

[metadata]
lock-version = "1.1"
python-versions = "^3.10"
content-hash = "6862427abc5aa8412e67473f1fb1dcfe138d3afa972918fc89daac1cb0fa2746"

[metadata.files]
pyglet = [
    {file = "pyglet-2.0.4-py3-none-any.whl", hash = "sha256:74a82ee184a673ef019200a5b7a528e95ea41ac32f6c227d2a333ab9ea0ff56d"},
    {file = "pyglet-2.0.4.zip", hash = "sha256:f891808c1bf65c7cc5131b0b26b047eae5cf37c7e253270964ac4b2f014774f2"},
]
